{
  "lockfileVersion": 1,
  "dependencies": {
    "lodash.filter": {
      "version": "4.6.0",
      "resolved": "http://registry.npm.taobao.org/lodash.filter/download/lodash.filter-4.6.0.tgz",
      "integrity": "sha1-ZosdSYFgOuHMWm+nYBQ+SAtMSs4="
    },
    "lodash.find": {
      "version": "4.6.0",
      "resolved": "http://registry.npm.taobao.org/lodash.find/download/lodash.find-4.6.0.tgz",
      "integrity": "sha1-ywcE1Hq3F4n/oN6Ll92Sb7iLE7E="
    },
    "lodash.groupby": {
      "version": "4.6.0",
      "resolved": "http://registry.npm.taobao.org/lodash.groupby/download/lodash.groupby-4.6.0.tgz",
      "integrity": "sha1-Cwih3PaDl8OXhVwyOXg4Mt90A9E="
    },
    "lodash.orderby": {
      "version": "4.6.0",
      "resolved": "http://registry.npm.taobao.org/lodash.orderby/download/lodash.orderby-4.6.0.tgz",
      "integrity": "sha1-5pfwTOXXhSL1TZM4syuBozk+TrM="
    },
    "lodash.sortby": {
      "version": "4.7.0",
      "resolved": "http://registry.npm.taobao.org/lodash.sortby/download/lodash.sortby-4.7.0.tgz",
      "integrity": "sha1-7dFMgk4sycHgsKG0K7UhBRakJDg="
    }
  }
}
