{
  "lockfileVersion": 1,
  "dependencies": {
    "lodash.keys": {
      "version": "4.2.0",
      "resolved": "http://registry.npm.taobao.org/lodash.keys/download/lodash.keys-4.2.0.tgz",
      "integrity": "sha1-oIYCrBLk+4P5H8H7ejYKTZujUgU="
    },
    "lodash.map": {
      "version": "4.6.0",
      "resolved": "http://registry.npm.taobao.org/lodash.map/download/lodash.map-4.6.0.tgz",
      "integrity": "sha1-dx7Hg540c9nEzeKLGTlMNWL09tM="
    }
  }
}
