{
  "lockfileVersion": 1,
  "dependencies": {
    "lodash.groupby": {
      "version": "4.6.0",
      "resolved": "http://registry.npm.taobao.org/lodash.groupby/download/lodash.groupby-4.6.0.tgz",
      "integrity": "sha1-Cwih3PaDl8OXhVwyOXg4Mt90A9E="
    },
    "lodash.sortby": {
      "version": "4.7.0",
      "resolved": "http://registry.npm.taobao.org/lodash.sortby/download/lodash.sortby-4.7.0.tgz",
      "integrity": "sha1-7dFMgk4sycHgsKG0K7UhBRakJDg="
    }
  }
}
